
Microsoft Visual Studio Solution File, Format Version 12.00
# Visual Studio 15
VisualStudioVersion = 15.0.27703.2000
MinimumVisualStudioVersion = 10.0.40219.1
Project("{FAE04EC0-301F-11D3-BF4B-00C04F79EFBC}") = "FlipNLearnX_SCL.Android", "FlipNLearnX_SCL\FlipNLearnX_SCL.Android\FlipNLearnX_SCL.Android.csproj", "{9B3A57D5-CD49-4966-9332-B413BB88CAD2}"
EndProject
Project("{FAE04EC0-301F-11D3-BF4B-00C04F79EFBC}") = "FlipNLearnX_SCL.iOS", "FlipNLearnX_SCL\FlipNLearnX_SCL.iOS\FlipNLearnX_SCL.iOS.csproj", "{CDA52172-0819-45C1-8245-3641A992BDA3}"
EndProject
Project("{FAE04EC0-301F-11D3-BF4B-00C04F79EFBC}") = "FlipNLearnX_SCL.UWP", "FlipNLearnX_SCL\FlipNLearnX_SCL.UWP\FlipNLearnX_SCL.UWP.csproj", "{FEBFBB8C-758E-4D1A-AB2C-F627ADD16077}"
EndProject
Project("{FAE04EC0-301F-11D3-BF4B-00C04F79EFBC}") = "FlipNLearnX_SCL", "FlipNLearnX_SCL\FlipNLearnX_SCL\FlipNLearnX_SCL.csproj", "{D50E820B-D423-4EAD-82F5-C65EBCAF6D36}"
EndProject
Global
	GlobalSection(SolutionConfigurationPlatforms) = preSolution
		Ad-Hoc|Any CPU = Ad-Hoc|Any CPU
		Ad-Hoc|ARM = Ad-Hoc|ARM
		Ad-Hoc|iPhone = Ad-Hoc|iPhone
		Ad-Hoc|iPhoneSimulator = Ad-Hoc|iPhoneSimulator
		Ad-Hoc|x64 = Ad-Hoc|x64
		Ad-Hoc|x86 = Ad-Hoc|x86
		AppStore|Any CPU = AppStore|Any CPU
		AppStore|ARM = AppStore|ARM
		AppStore|iPhone = AppStore|iPhone
		AppStore|iPhoneSimulator = AppStore|iPhoneSimulator
		AppStore|x64 = AppStore|x64
		AppStore|x86 = AppStore|x86
		Debug|Any CPU = Debug|Any CPU
		Debug|ARM = Debug|ARM
		Debug|iPhone = Debug|iPhone
		Debug|iPhoneSimulator = Debug|iPhoneSimulator
		Debug|x64 = Debug|x64
		Debug|x86 = Debug|x86
		Release|Any CPU = Release|Any CPU
		Release|ARM = Release|ARM
		Release|iPhone = Release|iPhone
		Release|iPhoneSimulator = Release|iPhoneSimulator
		Release|x64 = Release|x64
		Release|x86 = Release|x86
	EndGlobalSection
	GlobalSection(ProjectConfigurationPlatforms) = postSolution
		{9B3A57D5-CD49-4966-9332-B413BB88CAD2}.Ad-Hoc|Any CPU.ActiveCfg = Release|Any CPU
		{9B3A57D5-CD49-4966-9332-B413BB88CAD2}.Ad-Hoc|Any CPU.Build.0 = Release|Any CPU
		{9B3A57D5-CD49-4966-9332-B413BB88CAD2}.Ad-Hoc|Any CPU.Deploy.0 = Release|Any CPU
		{9B3A57D5-CD49-4966-9332-B413BB88CAD2}.Ad-Hoc|ARM.ActiveCfg = Release|Any CPU
		{9B3A57D5-CD49-4966-9332-B413BB88CAD2}.Ad-Hoc|ARM.Build.0 = Release|Any CPU
		{9B3A57D5-CD49-4966-9332-B413BB88CAD2}.Ad-Hoc|ARM.Deploy.0 = Release|Any CPU
		{9B3A57D5-CD49-4966-9332-B413BB88CAD2}.Ad-Hoc|iPhone.ActiveCfg = Release|Any CPU
		{9B3A57D5-CD49-4966-9332-B413BB88CAD2}.Ad-Hoc|iPhone.Build.0 = Release|Any CPU
		{9B3A57D5-CD49-4966-9332-B413BB88CAD2}.Ad-Hoc|iPhone.Deploy.0 = Release|Any CPU
		{9B3A57D5-CD49-4966-9332-B413BB88CAD2}.Ad-Hoc|iPhoneSimulator.ActiveCfg = Release|Any CPU
		{9B3A57D5-CD49-4966-9332-B413BB88CAD2}.Ad-Hoc|iPhoneSimulator.Build.0 = Release|Any CPU
		{9B3A57D5-CD49-4966-9332-B413BB88CAD2}.Ad-Hoc|iPhoneSimulator.Deploy.0 = Release|Any CPU
		{9B3A57D5-CD49-4966-9332-B413BB88CAD2}.Ad-Hoc|x64.ActiveCfg = Release|Any CPU
		{9B3A57D5-CD49-4966-9332-B413BB88CAD2}.Ad-Hoc|x64.Build.0 = Release|Any CPU
		{9B3A57D5-CD49-4966-9332-B413BB88CAD2}.Ad-Hoc|x64.Deploy.0 = Release|Any CPU
		{9B3A57D5-CD49-4966-9332-B413BB88CAD2}.Ad-Hoc|x86.ActiveCfg = Release|Any CPU
		{9B3A57D5-CD49-4966-9332-B413BB88CAD2}.Ad-Hoc|x86.Build.0 = Release|Any CPU
		{9B3A57D5-CD49-4966-9332-B413BB88CAD2}.Ad-Hoc|x86.Deploy.0 = Release|Any CPU
		{9B3A57D5-CD49-4966-9332-B413BB88CAD2}.AppStore|Any CPU.ActiveCfg = Release|Any CPU
		{9B3A57D5-CD49-4966-9332-B413BB88CAD2}.AppStore|Any CPU.Build.0 = Release|Any CPU
		{9B3A57D5-CD49-4966-9332-B413BB88CAD2}.AppStore|Any CPU.Deploy.0 = Release|Any CPU
		{9B3A57D5-CD49-4966-9332-B413BB88CAD2}.AppStore|ARM.ActiveCfg = Release|Any CPU
		{9B3A57D5-CD49-4966-9332-B413BB88CAD2}.AppStore|ARM.Build.0 = Release|Any CPU
		{9B3A57D5-CD49-4966-9332-B413BB88CAD2}.AppStore|ARM.Deploy.0 = Release|Any CPU
		{9B3A57D5-CD49-4966-9332-B413BB88CAD2}.AppStore|iPhone.ActiveCfg = Release|Any CPU
		{9B3A57D5-CD49-4966-9332-B413BB88CAD2}.AppStore|iPhone.Build.0 = Release|Any CPU
		{9B3A57D5-CD49-4966-9332-B413BB88CAD2}.AppStore|iPhone.Deploy.0 = Release|Any CPU
		{9B3A57D5-CD49-4966-9332-B413BB88CAD2}.AppStore|iPhoneSimulator.ActiveCfg = Release|Any CPU
		{9B3A57D5-CD49-4966-9332-B413BB88CAD2}.AppStore|iPhoneSimulator.Build.0 = Release|Any CPU
		{9B3A57D5-CD49-4966-9332-B413BB88CAD2}.AppStore|iPhoneSimulator.Deploy.0 = Release|Any CPU
		{9B3A57D5-CD49-4966-9332-B413BB88CAD2}.AppStore|x64.ActiveCfg = Release|Any CPU
		{9B3A57D5-CD49-4966-9332-B413BB88CAD2}.AppStore|x64.Build.0 = Release|Any CPU
		{9B3A57D5-CD49-4966-9332-B413BB88CAD2}.AppStore|x64.Deploy.0 = Release|Any CPU
		{9B3A57D5-CD49-4966-9332-B413BB88CAD2}.AppStore|x86.ActiveCfg = Release|Any CPU
		{9B3A57D5-CD49-4966-9332-B413BB88CAD2}.AppStore|x86.Build.0 = Release|Any CPU
		{9B3A57D5-CD49-4966-9332-B413BB88CAD2}.AppStore|x86.Deploy.0 = Release|Any CPU
		{9B3A57D5-CD49-4966-9332-B413BB88CAD2}.Debug|Any CPU.ActiveCfg = Debug|Any CPU
		{9B3A57D5-CD49-4966-9332-B413BB88CAD2}.Debug|Any CPU.Build.0 = Debug|Any CPU
		{9B3A57D5-CD49-4966-9332-B413BB88CAD2}.Debug|Any CPU.Deploy.0 = Debug|Any CPU
		{9B3A57D5-CD49-4966-9332-B413BB88CAD2}.Debug|ARM.ActiveCfg = Debug|Any CPU
		{9B3A57D5-CD49-4966-9332-B413BB88CAD2}.Debug|ARM.Build.0 = Debug|Any CPU
		{9B3A57D5-CD49-4966-9332-B413BB88CAD2}.Debug|ARM.Deploy.0 = Debug|Any CPU
		{9B3A57D5-CD49-4966-9332-B413BB88CAD2}.Debug|iPhone.ActiveCfg = Debug|Any CPU
		{9B3A57D5-CD49-4966-9332-B413BB88CAD2}.Debug|iPhone.Build.0 = Debug|Any CPU
		{9B3A57D5-CD49-4966-9332-B413BB88CAD2}.Debug|iPhone.Deploy.0 = Debug|Any CPU
		{9B3A57D5-CD49-4966-9332-B413BB88CAD2}.Debug|iPhoneSimulator.ActiveCfg = Debug|Any CPU
		{9B3A57D5-CD49-4966-9332-B413BB88CAD2}.Debug|iPhoneSimulator.Build.0 = Debug|Any CPU
		{9B3A57D5-CD49-4966-9332-B413BB88CAD2}.Debug|iPhoneSimulator.Deploy.0 = Debug|Any CPU
		{9B3A57D5-CD49-4966-9332-B413BB88CAD2}.Debug|x64.ActiveCfg = Debug|Any CPU
		{9B3A57D5-CD49-4966-9332-B413BB88CAD2}.Debug|x64.Build.0 = Debug|Any CPU
		{9B3A57D5-CD49-4966-9332-B413BB88CAD2}.Debug|x64.Deploy.0 = Debug|Any CPU
		{9B3A57D5-CD49-4966-9332-B413BB88CAD2}.Debug|x86.ActiveCfg = Debug|Any CPU
		{9B3A57D5-CD49-4966-9332-B413BB88CAD2}.Debug|x86.Build.0 = Debug|Any CPU
		{9B3A57D5-CD49-4966-9332-B413BB88CAD2}.Debug|x86.Deploy.0 = Debug|Any CPU
		{9B3A57D5-CD49-4966-9332-B413BB88CAD2}.Release|Any CPU.ActiveCfg = Release|Any CPU
		{9B3A57D5-CD49-4966-9332-B413BB88CAD2}.Release|Any CPU.Build.0 = Release|Any CPU
		{9B3A57D5-CD49-4966-9332-B413BB88CAD2}.Release|Any CPU.Deploy.0 = Release|Any CPU
		{9B3A57D5-CD49-4966-9332-B413BB88CAD2}.Release|ARM.ActiveCfg = Release|Any CPU
		{9B3A57D5-CD49-4966-9332-B413BB88CAD2}.Release|ARM.Build.0 = Release|Any CPU
		{9B3A57D5-CD49-4966-9332-B413BB88CAD2}.Release|ARM.Deploy.0 = Release|Any CPU
		{9B3A57D5-CD49-4966-9332-B413BB88CAD2}.Release|iPhone.ActiveCfg = Release|Any CPU
		{9B3A57D5-CD49-4966-9332-B413BB88CAD2}.Release|iPhone.Build.0 = Release|Any CPU
		{9B3A57D5-CD49-4966-9332-B413BB88CAD2}.Release|iPhone.Deploy.0 = Release|Any CPU
		{9B3A57D5-CD49-4966-9332-B413BB88CAD2}.Release|iPhoneSimulator.ActiveCfg = Release|Any CPU
		{9B3A57D5-CD49-4966-9332-B413BB88CAD2}.Release|iPhoneSimulator.Build.0 = Release|Any CPU
		{9B3A57D5-CD49-4966-9332-B413BB88CAD2}.Release|iPhoneSimulator.Deploy.0 = Release|Any CPU
		{9B3A57D5-CD49-4966-9332-B413BB88CAD2}.Release|x64.ActiveCfg = Release|Any CPU
		{9B3A57D5-CD49-4966-9332-B413BB88CAD2}.Release|x64.Build.0 = Release|Any CPU
		{9B3A57D5-CD49-4966-9332-B413BB88CAD2}.Release|x64.Deploy.0 = Release|Any CPU
		{9B3A57D5-CD49-4966-9332-B413BB88CAD2}.Release|x86.ActiveCfg = Release|Any CPU
		{9B3A57D5-CD49-4966-9332-B413BB88CAD2}.Release|x86.Build.0 = Release|Any CPU
		{9B3A57D5-CD49-4966-9332-B413BB88CAD2}.Release|x86.Deploy.0 = Release|Any CPU
		{CDA52172-0819-45C1-8245-3641A992BDA3}.Ad-Hoc|Any CPU.ActiveCfg = Ad-Hoc|iPhone
		{CDA52172-0819-45C1-8245-3641A992BDA3}.Ad-Hoc|Any CPU.Build.0 = Ad-Hoc|iPhone
		{CDA52172-0819-45C1-8245-3641A992BDA3}.Ad-Hoc|Any CPU.Deploy.0 = Ad-Hoc|iPhone
		{CDA52172-0819-45C1-8245-3641A992BDA3}.Ad-Hoc|ARM.ActiveCfg = Ad-Hoc|iPhone
		{CDA52172-0819-45C1-8245-3641A992BDA3}.Ad-Hoc|ARM.Build.0 = Ad-Hoc|iPhone
		{CDA52172-0819-45C1-8245-3641A992BDA3}.Ad-Hoc|ARM.Deploy.0 = Ad-Hoc|iPhone
		{CDA52172-0819-45C1-8245-3641A992BDA3}.Ad-Hoc|iPhone.ActiveCfg = Ad-Hoc|iPhone
		{CDA52172-0819-45C1-8245-3641A992BDA3}.Ad-Hoc|iPhone.Build.0 = Ad-Hoc|iPhone
		{CDA52172-0819-45C1-8245-3641A992BDA3}.Ad-Hoc|iPhone.Deploy.0 = Ad-Hoc|iPhone
		{CDA52172-0819-45C1-8245-3641A992BDA3}.Ad-Hoc|iPhoneSimulator.ActiveCfg = Ad-Hoc|iPhoneSimulator
		{CDA52172-0819-45C1-8245-3641A992BDA3}.Ad-Hoc|iPhoneSimulator.Build.0 = Ad-Hoc|iPhoneSimulator
		{CDA52172-0819-45C1-8245-3641A992BDA3}.Ad-Hoc|iPhoneSimulator.Deploy.0 = Ad-Hoc|iPhoneSimulator
		{CDA52172-0819-45C1-8245-3641A992BDA3}.Ad-Hoc|x64.ActiveCfg = Ad-Hoc|iPhone
		{CDA52172-0819-45C1-8245-3641A992BDA3}.Ad-Hoc|x64.Build.0 = Ad-Hoc|iPhone
		{CDA52172-0819-45C1-8245-3641A992BDA3}.Ad-Hoc|x64.Deploy.0 = Ad-Hoc|iPhone
		{CDA52172-0819-45C1-8245-3641A992BDA3}.Ad-Hoc|x86.ActiveCfg = Ad-Hoc|iPhone
		{CDA52172-0819-45C1-8245-3641A992BDA3}.Ad-Hoc|x86.Build.0 = Ad-Hoc|iPhone
		{CDA52172-0819-45C1-8245-3641A992BDA3}.Ad-Hoc|x86.Deploy.0 = Ad-Hoc|iPhone
		{CDA52172-0819-45C1-8245-3641A992BDA3}.AppStore|Any CPU.ActiveCfg = AppStore|iPhone
		{CDA52172-0819-45C1-8245-3641A992BDA3}.AppStore|Any CPU.Build.0 = AppStore|iPhone
		{CDA52172-0819-45C1-8245-3641A992BDA3}.AppStore|Any CPU.Deploy.0 = AppStore|iPhone
		{CDA52172-0819-45C1-8245-3641A992BDA3}.AppStore|ARM.ActiveCfg = AppStore|iPhone
		{CDA52172-0819-45C1-8245-3641A992BDA3}.AppStore|ARM.Build.0 = AppStore|iPhone
		{CDA52172-0819-45C1-8245-3641A992BDA3}.AppStore|ARM.Deploy.0 = AppStore|iPhone
		{CDA52172-0819-45C1-8245-3641A992BDA3}.AppStore|iPhone.ActiveCfg = AppStore|iPhone
		{CDA52172-0819-45C1-8245-3641A992BDA3}.AppStore|iPhone.Build.0 = AppStore|iPhone
		{CDA52172-0819-45C1-8245-3641A992BDA3}.AppStore|iPhone.Deploy.0 = AppStore|iPhone
		{CDA52172-0819-45C1-8245-3641A992BDA3}.AppStore|iPhoneSimulator.ActiveCfg = AppStore|iPhoneSimulator
		{CDA52172-0819-45C1-8245-3641A992BDA3}.AppStore|iPhoneSimulator.Build.0 = AppStore|iPhoneSimulator
		{CDA52172-0819-45C1-8245-3641A992BDA3}.AppStore|iPhoneSimulator.Deploy.0 = AppStore|iPhoneSimulator
		{CDA52172-0819-45C1-8245-3641A992BDA3}.AppStore|x64.ActiveCfg = AppStore|iPhone
		{CDA52172-0819-45C1-8245-3641A992BDA3}.AppStore|x64.Build.0 = AppStore|iPhone
		{CDA52172-0819-45C1-8245-3641A992BDA3}.AppStore|x64.Deploy.0 = AppStore|iPhone
		{CDA52172-0819-45C1-8245-3641A992BDA3}.AppStore|x86.ActiveCfg = AppStore|iPhone
		{CDA52172-0819-45C1-8245-3641A992BDA3}.AppStore|x86.Build.0 = AppStore|iPhone
		{CDA52172-0819-45C1-8245-3641A992BDA3}.AppStore|x86.Deploy.0 = AppStore|iPhone
		{CDA52172-0819-45C1-8245-3641A992BDA3}.Debug|Any CPU.ActiveCfg = Debug|iPhoneSimulator
		{CDA52172-0819-45C1-8245-3641A992BDA3}.Debug|Any CPU.Build.0 = Debug|iPhoneSimulator
		{CDA52172-0819-45C1-8245-3641A992BDA3}.Debug|Any CPU.Deploy.0 = Debug|iPhoneSimulator
		{CDA52172-0819-45C1-8245-3641A992BDA3}.Debug|ARM.ActiveCfg = Debug|iPhone
		{CDA52172-0819-45C1-8245-3641A992BDA3}.Debug|ARM.Build.0 = Debug|iPhone
		{CDA52172-0819-45C1-8245-3641A992BDA3}.Debug|ARM.Deploy.0 = Debug|iPhone
		{CDA52172-0819-45C1-8245-3641A992BDA3}.Debug|iPhone.ActiveCfg = Debug|iPhone
		{CDA52172-0819-45C1-8245-3641A992BDA3}.Debug|iPhone.Build.0 = Debug|iPhone
		{CDA52172-0819-45C1-8245-3641A992BDA3}.Debug|iPhone.Deploy.0 = Debug|iPhone
		{CDA52172-0819-45C1-8245-3641A992BDA3}.Debug|iPhoneSimulator.ActiveCfg = Debug|iPhoneSimulator
		{CDA52172-0819-45C1-8245-3641A992BDA3}.Debug|iPhoneSimulator.Build.0 = Debug|iPhoneSimulator
		{CDA52172-0819-45C1-8245-3641A992BDA3}.Debug|iPhoneSimulator.Deploy.0 = Debug|iPhoneSimulator
		{CDA52172-0819-45C1-8245-3641A992BDA3}.Debug|x64.ActiveCfg = Debug|iPhone
		{CDA52172-0819-45C1-8245-3641A992BDA3}.Debug|x64.Build.0 = Debug|iPhone
		{CDA52172-0819-45C1-8245-3641A992BDA3}.Debug|x64.Deploy.0 = Debug|iPhone
		{CDA52172-0819-45C1-8245-3641A992BDA3}.Debug|x86.ActiveCfg = Debug|iPhone
		{CDA52172-0819-45C1-8245-3641A992BDA3}.Debug|x86.Build.0 = Debug|iPhone
		{CDA52172-0819-45C1-8245-3641A992BDA3}.Debug|x86.Deploy.0 = Debug|iPhone
		{CDA52172-0819-45C1-8245-3641A992BDA3}.Release|Any CPU.ActiveCfg = Release|iPhone
		{CDA52172-0819-45C1-8245-3641A992BDA3}.Release|Any CPU.Build.0 = Release|iPhone
		{CDA52172-0819-45C1-8245-3641A992BDA3}.Release|Any CPU.Deploy.0 = Release|iPhone
		{CDA52172-0819-45C1-8245-3641A992BDA3}.Release|ARM.ActiveCfg = Release|iPhone
		{CDA52172-0819-45C1-8245-3641A992BDA3}.Release|ARM.Build.0 = Release|iPhone
		{CDA52172-0819-45C1-8245-3641A992BDA3}.Release|ARM.Deploy.0 = Release|iPhone
		{CDA52172-0819-45C1-8245-3641A992BDA3}.Release|iPhone.ActiveCfg = Release|iPhone
		{CDA52172-0819-45C1-8245-3641A992BDA3}.Release|iPhone.Build.0 = Release|iPhone
		{CDA52172-0819-45C1-8245-3641A992BDA3}.Release|iPhone.Deploy.0 = Release|iPhone
		{CDA52172-0819-45C1-8245-3641A992BDA3}.Release|iPhoneSimulator.ActiveCfg = Release|iPhoneSimulator
		{CDA52172-0819-45C1-8245-3641A992BDA3}.Release|iPhoneSimulator.Build.0 = Release|iPhoneSimulator
		{CDA52172-0819-45C1-8245-3641A992BDA3}.Release|iPhoneSimulator.Deploy.0 = Release|iPhoneSimulator
		{CDA52172-0819-45C1-8245-3641A992BDA3}.Release|x64.ActiveCfg = Release|iPhone
		{CDA52172-0819-45C1-8245-3641A992BDA3}.Release|x64.Build.0 = Release|iPhone
		{CDA52172-0819-45C1-8245-3641A992BDA3}.Release|x64.Deploy.0 = Release|iPhone
		{CDA52172-0819-45C1-8245-3641A992BDA3}.Release|x86.ActiveCfg = Release|iPhone
		{CDA52172-0819-45C1-8245-3641A992BDA3}.Release|x86.Build.0 = Release|iPhone
		{CDA52172-0819-45C1-8245-3641A992BDA3}.Release|x86.Deploy.0 = Release|iPhone
		{FEBFBB8C-758E-4D1A-AB2C-F627ADD16077}.Ad-Hoc|Any CPU.ActiveCfg = Release|x86
		{FEBFBB8C-758E-4D1A-AB2C-F627ADD16077}.Ad-Hoc|Any CPU.Build.0 = Release|x86
		{FEBFBB8C-758E-4D1A-AB2C-F627ADD16077}.Ad-Hoc|Any CPU.Deploy.0 = Release|x86
		{FEBFBB8C-758E-4D1A-AB2C-F627ADD16077}.Ad-Hoc|ARM.ActiveCfg = Release|ARM
		{FEBFBB8C-758E-4D1A-AB2C-F627ADD16077}.Ad-Hoc|ARM.Build.0 = Release|ARM
		{FEBFBB8C-758E-4D1A-AB2C-F627ADD16077}.Ad-Hoc|ARM.Deploy.0 = Release|ARM
		{FEBFBB8C-758E-4D1A-AB2C-F627ADD16077}.Ad-Hoc|iPhone.ActiveCfg = Release|x86
		{FEBFBB8C-758E-4D1A-AB2C-F627ADD16077}.Ad-Hoc|iPhone.Build.0 = Release|x86
		{FEBFBB8C-758E-4D1A-AB2C-F627ADD16077}.Ad-Hoc|iPhone.Deploy.0 = Release|x86
		{FEBFBB8C-758E-4D1A-AB2C-F627ADD16077}.Ad-Hoc|iPhoneSimulator.ActiveCfg = Release|x86
		{FEBFBB8C-758E-4D1A-AB2C-F627ADD16077}.Ad-Hoc|iPhoneSimulator.Build.0 = Release|x86
		{FEBFBB8C-758E-4D1A-AB2C-F627ADD16077}.Ad-Hoc|iPhoneSimulator.Deploy.0 = Release|x86
		{FEBFBB8C-758E-4D1A-AB2C-F627ADD16077}.Ad-Hoc|x64.ActiveCfg = Release|x64
		{FEBFBB8C-758E-4D1A-AB2C-F627ADD16077}.Ad-Hoc|x64.Build.0 = Release|x64
		{FEBFBB8C-758E-4D1A-AB2C-F627ADD16077}.Ad-Hoc|x64.Deploy.0 = Release|x64
		{FEBFBB8C-758E-4D1A-AB2C-F627ADD16077}.Ad-Hoc|x86.ActiveCfg = Release|x86
		{FEBFBB8C-758E-4D1A-AB2C-F627ADD16077}.Ad-Hoc|x86.Build.0 = Release|x86
		{FEBFBB8C-758E-4D1A-AB2C-F627ADD16077}.Ad-Hoc|x86.Deploy.0 = Release|x86
		{FEBFBB8C-758E-4D1A-AB2C-F627ADD16077}.AppStore|Any CPU.ActiveCfg = Release|x86
		{FEBFBB8C-758E-4D1A-AB2C-F627ADD16077}.AppStore|Any CPU.Build.0 = Release|x86
		{FEBFBB8C-758E-4D1A-AB2C-F627ADD16077}.AppStore|Any CPU.Deploy.0 = Release|x86
		{FEBFBB8C-758E-4D1A-AB2C-F627ADD16077}.AppStore|ARM.ActiveCfg = Release|ARM
		{FEBFBB8C-758E-4D1A-AB2C-F627ADD16077}.AppStore|ARM.Build.0 = Release|ARM
		{FEBFBB8C-758E-4D1A-AB2C-F627ADD16077}.AppStore|ARM.Deploy.0 = Release|ARM
		{FEBFBB8C-758E-4D1A-AB2C-F627ADD16077}.AppStore|iPhone.ActiveCfg = Release|x86
		{FEBFBB8C-758E-4D1A-AB2C-F627ADD16077}.AppStore|iPhone.Build.0 = Release|x86
		{FEBFBB8C-758E-4D1A-AB2C-F627ADD16077}.AppStore|iPhone.Deploy.0 = Release|x86
		{FEBFBB8C-758E-4D1A-AB2C-F627ADD16077}.AppStore|iPhoneSimulator.ActiveCfg = Release|x86
		{FEBFBB8C-758E-4D1A-AB2C-F627ADD16077}.AppStore|iPhoneSimulator.Build.0 = Release|x86
		{FEBFBB8C-758E-4D1A-AB2C-F627ADD16077}.AppStore|iPhoneSimulator.Deploy.0 = Release|x86
		{FEBFBB8C-758E-4D1A-AB2C-F627ADD16077}.AppStore|x64.ActiveCfg = Release|x64
		{FEBFBB8C-758E-4D1A-AB2C-F627ADD16077}.AppStore|x64.Build.0 = Release|x64
		{FEBFBB8C-758E-4D1A-AB2C-F627ADD16077}.AppStore|x64.Deploy.0 = Release|x64
		{FEBFBB8C-758E-4D1A-AB2C-F627ADD16077}.AppStore|x86.ActiveCfg = Release|x86
		{FEBFBB8C-758E-4D1A-AB2C-F627ADD16077}.AppStore|x86.Build.0 = Release|x86
		{FEBFBB8C-758E-4D1A-AB2C-F627ADD16077}.AppStore|x86.Deploy.0 = Release|x86
		{FEBFBB8C-758E-4D1A-AB2C-F627ADD16077}.Debug|Any CPU.ActiveCfg = Debug|x86
		{FEBFBB8C-758E-4D1A-AB2C-F627ADD16077}.Debug|Any CPU.Build.0 = Debug|x86
		{FEBFBB8C-758E-4D1A-AB2C-F627ADD16077}.Debug|Any CPU.Deploy.0 = Debug|x86
		{FEBFBB8C-758E-4D1A-AB2C-F627ADD16077}.Debug|ARM.ActiveCfg = Debug|ARM
		{FEBFBB8C-758E-4D1A-AB2C-F627ADD16077}.Debug|ARM.Build.0 = Debug|ARM
		{FEBFBB8C-758E-4D1A-AB2C-F627ADD16077}.Debug|ARM.Deploy.0 = Debug|ARM
		{FEBFBB8C-758E-4D1A-AB2C-F627ADD16077}.Debug|iPhone.ActiveCfg = Debug|x86
		{FEBFBB8C-758E-4D1A-AB2C-F627ADD16077}.Debug|iPhone.Build.0 = Debug|x86
		{FEBFBB8C-758E-4D1A-AB2C-F627ADD16077}.Debug|iPhone.Deploy.0 = Debug|x86
		{FEBFBB8C-758E-4D1A-AB2C-F627ADD16077}.Debug|iPhoneSimulator.ActiveCfg = Debug|x86
		{FEBFBB8C-758E-4D1A-AB2C-F627ADD16077}.Debug|iPhoneSimulator.Build.0 = Debug|x86
		{FEBFBB8C-758E-4D1A-AB2C-F627ADD16077}.Debug|iPhoneSimulator.Deploy.0 = Debug|x86
		{FEBFBB8C-758E-4D1A-AB2C-F627ADD16077}.Debug|x64.ActiveCfg = Debug|x64
		{FEBFBB8C-758E-4D1A-AB2C-F627ADD16077}.Debug|x64.Build.0 = Debug|x64
		{FEBFBB8C-758E-4D1A-AB2C-F627ADD16077}.Debug|x64.Deploy.0 = Debug|x64
		{FEBFBB8C-758E-4D1A-AB2C-F627ADD16077}.Debug|x86.ActiveCfg = Debug|x86
		{FEBFBB8C-758E-4D1A-AB2C-F627ADD16077}.Debug|x86.Build.0 = Debug|x86
		{FEBFBB8C-758E-4D1A-AB2C-F627ADD16077}.Debug|x86.Deploy.0 = Debug|x86
		{FEBFBB8C-758E-4D1A-AB2C-F627ADD16077}.Release|Any CPU.ActiveCfg = Release|x86
		{FEBFBB8C-758E-4D1A-AB2C-F627ADD16077}.Release|Any CPU.Build.0 = Release|x86
		{FEBFBB8C-758E-4D1A-AB2C-F627ADD16077}.Release|Any CPU.Deploy.0 = Release|x86
		{FEBFBB8C-758E-4D1A-AB2C-F627ADD16077}.Release|ARM.ActiveCfg = Release|ARM
		{FEBFBB8C-758E-4D1A-AB2C-F627ADD16077}.Release|ARM.Build.0 = Release|ARM
		{FEBFBB8C-758E-4D1A-AB2C-F627ADD16077}.Release|ARM.Deploy.0 = Release|ARM
		{FEBFBB8C-758E-4D1A-AB2C-F627ADD16077}.Release|iPhone.ActiveCfg = Release|x86
		{FEBFBB8C-758E-4D1A-AB2C-F627ADD16077}.Release|iPhone.Build.0 = Release|x86
		{FEBFBB8C-758E-4D1A-AB2C-F627ADD16077}.Release|iPhone.Deploy.0 = Release|x86
		{FEBFBB8C-758E-4D1A-AB2C-F627ADD16077}.Release|iPhoneSimulator.ActiveCfg = Release|x86
		{FEBFBB8C-758E-4D1A-AB2C-F627ADD16077}.Release|iPhoneSimulator.Build.0 = Release|x86
		{FEBFBB8C-758E-4D1A-AB2C-F627ADD16077}.Release|iPhoneSimulator.Deploy.0 = Release|x86
		{FEBFBB8C-758E-4D1A-AB2C-F627ADD16077}.Release|x64.ActiveCfg = Release|x64
		{FEBFBB8C-758E-4D1A-AB2C-F627ADD16077}.Release|x64.Build.0 = Release|x64
		{FEBFBB8C-758E-4D1A-AB2C-F627ADD16077}.Release|x64.Deploy.0 = Release|x64
		{FEBFBB8C-758E-4D1A-AB2C-F627ADD16077}.Release|x86.ActiveCfg = Release|x86
		{FEBFBB8C-758E-4D1A-AB2C-F627ADD16077}.Release|x86.Build.0 = Release|x86
		{FEBFBB8C-758E-4D1A-AB2C-F627ADD16077}.Release|x86.Deploy.0 = Release|x86
		{D50E820B-D423-4EAD-82F5-C65EBCAF6D36}.Ad-Hoc|Any CPU.ActiveCfg = Debug|Any CPU
		{D50E820B-D423-4EAD-82F5-C65EBCAF6D36}.Ad-Hoc|Any CPU.Build.0 = Debug|Any CPU
		{D50E820B-D423-4EAD-82F5-C65EBCAF6D36}.Ad-Hoc|Any CPU.Deploy.0 = Debug|Any CPU
		{D50E820B-D423-4EAD-82F5-C65EBCAF6D36}.Ad-Hoc|ARM.ActiveCfg = Debug|Any CPU
		{D50E820B-D423-4EAD-82F5-C65EBCAF6D36}.Ad-Hoc|ARM.Build.0 = Debug|Any CPU
		{D50E820B-D423-4EAD-82F5-C65EBCAF6D36}.Ad-Hoc|ARM.Deploy.0 = Debug|Any CPU
		{D50E820B-D423-4EAD-82F5-C65EBCAF6D36}.Ad-Hoc|iPhone.ActiveCfg = Debug|Any CPU
		{D50E820B-D423-4EAD-82F5-C65EBCAF6D36}.Ad-Hoc|iPhone.Build.0 = Debug|Any CPU
		{D50E820B-D423-4EAD-82F5-C65EBCAF6D36}.Ad-Hoc|iPhone.Deploy.0 = Debug|Any CPU
		{D50E820B-D423-4EAD-82F5-C65EBCAF6D36}.Ad-Hoc|iPhoneSimulator.ActiveCfg = Debug|Any CPU
		{D50E820B-D423-4EAD-82F5-C65EBCAF6D36}.Ad-Hoc|iPhoneSimulator.Build.0 = Debug|Any CPU
		{D50E820B-D423-4EAD-82F5-C65EBCAF6D36}.Ad-Hoc|iPhoneSimulator.Deploy.0 = Debug|Any CPU
		{D50E820B-D423-4EAD-82F5-C65EBCAF6D36}.Ad-Hoc|x64.ActiveCfg = Debug|Any CPU
		{D50E820B-D423-4EAD-82F5-C65EBCAF6D36}.Ad-Hoc|x64.Build.0 = Debug|Any CPU
		{D50E820B-D423-4EAD-82F5-C65EBCAF6D36}.Ad-Hoc|x64.Deploy.0 = Debug|Any CPU
		{D50E820B-D423-4EAD-82F5-C65EBCAF6D36}.Ad-Hoc|x86.ActiveCfg = Debug|Any CPU
		{D50E820B-D423-4EAD-82F5-C65EBCAF6D36}.Ad-Hoc|x86.Build.0 = Debug|Any CPU
		{D50E820B-D423-4EAD-82F5-C65EBCAF6D36}.Ad-Hoc|x86.Deploy.0 = Debug|Any CPU
		{D50E820B-D423-4EAD-82F5-C65EBCAF6D36}.AppStore|Any CPU.ActiveCfg = Debug|Any CPU
		{D50E820B-D423-4EAD-82F5-C65EBCAF6D36}.AppStore|Any CPU.Build.0 = Debug|Any CPU
		{D50E820B-D423-4EAD-82F5-C65EBCAF6D36}.AppStore|Any CPU.Deploy.0 = Debug|Any CPU
		{D50E820B-D423-4EAD-82F5-C65EBCAF6D36}.AppStore|ARM.ActiveCfg = Debug|Any CPU
		{D50E820B-D423-4EAD-82F5-C65EBCAF6D36}.AppStore|ARM.Build.0 = Debug|Any CPU
		{D50E820B-D423-4EAD-82F5-C65EBCAF6D36}.AppStore|ARM.Deploy.0 = Debug|Any CPU
		{D50E820B-D423-4EAD-82F5-C65EBCAF6D36}.AppStore|iPhone.ActiveCfg = Debug|Any CPU
		{D50E820B-D423-4EAD-82F5-C65EBCAF6D36}.AppStore|iPhone.Build.0 = Debug|Any CPU
		{D50E820B-D423-4EAD-82F5-C65EBCAF6D36}.AppStore|iPhone.Deploy.0 = Debug|Any CPU
		{D50E820B-D423-4EAD-82F5-C65EBCAF6D36}.AppStore|iPhoneSimulator.ActiveCfg = Debug|Any CPU
		{D50E820B-D423-4EAD-82F5-C65EBCAF6D36}.AppStore|iPhoneSimulator.Build.0 = Debug|Any CPU
		{D50E820B-D423-4EAD-82F5-C65EBCAF6D36}.AppStore|iPhoneSimulator.Deploy.0 = Debug|Any CPU
		{D50E820B-D423-4EAD-82F5-C65EBCAF6D36}.AppStore|x64.ActiveCfg = Debug|Any CPU
		{D50E820B-D423-4EAD-82F5-C65EBCAF6D36}.AppStore|x64.Build.0 = Debug|Any CPU
		{D50E820B-D423-4EAD-82F5-C65EBCAF6D36}.AppStore|x64.Deploy.0 = Debug|Any CPU
		{D50E820B-D423-4EAD-82F5-C65EBCAF6D36}.AppStore|x86.ActiveCfg = Debug|Any CPU
		{D50E820B-D423-4EAD-82F5-C65EBCAF6D36}.AppStore|x86.Build.0 = Debug|Any CPU
		{D50E820B-D423-4EAD-82F5-C65EBCAF6D36}.AppStore|x86.Deploy.0 = Debug|Any CPU
		{D50E820B-D423-4EAD-82F5-C65EBCAF6D36}.Debug|Any CPU.ActiveCfg = Debug|Any CPU
		{D50E820B-D423-4EAD-82F5-C65EBCAF6D36}.Debug|Any CPU.Build.0 = Debug|Any CPU
		{D50E820B-D423-4EAD-82F5-C65EBCAF6D36}.Debug|Any CPU.Deploy.0 = Debug|Any CPU
		{D50E820B-D423-4EAD-82F5-C65EBCAF6D36}.Debug|ARM.ActiveCfg = Debug|Any CPU
		{D50E820B-D423-4EAD-82F5-C65EBCAF6D36}.Debug|ARM.Build.0 = Debug|Any CPU
		{D50E820B-D423-4EAD-82F5-C65EBCAF6D36}.Debug|ARM.Deploy.0 = Debug|Any CPU
		{D50E820B-D423-4EAD-82F5-C65EBCAF6D36}.Debug|iPhone.ActiveCfg = Debug|Any CPU
		{D50E820B-D423-4EAD-82F5-C65EBCAF6D36}.Debug|iPhone.Build.0 = Debug|Any CPU
		{D50E820B-D423-4EAD-82F5-C65EBCAF6D36}.Debug|iPhone.Deploy.0 = Debug|Any CPU
		{D50E820B-D423-4EAD-82F5-C65EBCAF6D36}.Debug|iPhoneSimulator.ActiveCfg = Debug|Any CPU
		{D50E820B-D423-4EAD-82F5-C65EBCAF6D36}.Debug|iPhoneSimulator.Build.0 = Debug|Any CPU
		{D50E820B-D423-4EAD-82F5-C65EBCAF6D36}.Debug|iPhoneSimulator.Deploy.0 = Debug|Any CPU
		{D50E820B-D423-4EAD-82F5-C65EBCAF6D36}.Debug|x64.ActiveCfg = Debug|Any CPU
		{D50E820B-D423-4EAD-82F5-C65EBCAF6D36}.Debug|x64.Build.0 = Debug|Any CPU
		{D50E820B-D423-4EAD-82F5-C65EBCAF6D36}.Debug|x64.Deploy.0 = Debug|Any CPU
		{D50E820B-D423-4EAD-82F5-C65EBCAF6D36}.Debug|x86.ActiveCfg = Debug|Any CPU
		{D50E820B-D423-4EAD-82F5-C65EBCAF6D36}.Debug|x86.Build.0 = Debug|Any CPU
		{D50E820B-D423-4EAD-82F5-C65EBCAF6D36}.Debug|x86.Deploy.0 = Debug|Any CPU
		{D50E820B-D423-4EAD-82F5-C65EBCAF6D36}.Release|Any CPU.ActiveCfg = Release|Any CPU
		{D50E820B-D423-4EAD-82F5-C65EBCAF6D36}.Release|Any CPU.Build.0 = Release|Any CPU
		{D50E820B-D423-4EAD-82F5-C65EBCAF6D36}.Release|Any CPU.Deploy.0 = Release|Any CPU
		{D50E820B-D423-4EAD-82F5-C65EBCAF6D36}.Release|ARM.ActiveCfg = Release|Any CPU
		{D50E820B-D423-4EAD-82F5-C65EBCAF6D36}.Release|ARM.Build.0 = Release|Any CPU
		{D50E820B-D423-4EAD-82F5-C65EBCAF6D36}.Release|ARM.Deploy.0 = Release|Any CPU
		{D50E820B-D423-4EAD-82F5-C65EBCAF6D36}.Release|iPhone.ActiveCfg = Release|Any CPU
		{D50E820B-D423-4EAD-82F5-C65EBCAF6D36}.Release|iPhone.Build.0 = Release|Any CPU
		{D50E820B-D423-4EAD-82F5-C65EBCAF6D36}.Release|iPhone.Deploy.0 = Release|Any CPU
		{D50E820B-D423-4EAD-82F5-C65EBCAF6D36}.Release|iPhoneSimulator.ActiveCfg = Release|Any CPU
		{D50E820B-D423-4EAD-82F5-C65EBCAF6D36}.Release|iPhoneSimulator.Build.0 = Release|Any CPU
		{D50E820B-D423-4EAD-82F5-C65EBCAF6D36}.Release|iPhoneSimulator.Deploy.0 = Release|Any CPU
		{D50E820B-D423-4EAD-82F5-C65EBCAF6D36}.Release|x64.ActiveCfg = Release|Any CPU
		{D50E820B-D423-4EAD-82F5-C65EBCAF6D36}.Release|x64.Build.0 = Release|Any CPU
		{D50E820B-D423-4EAD-82F5-C65EBCAF6D36}.Release|x64.Deploy.0 = Release|Any CPU
		{D50E820B-D423-4EAD-82F5-C65EBCAF6D36}.Release|x86.ActiveCfg = Release|Any CPU
		{D50E820B-D423-4EAD-82F5-C65EBCAF6D36}.Release|x86.Build.0 = Release|Any CPU
		{D50E820B-D423-4EAD-82F5-C65EBCAF6D36}.Release|x86.Deploy.0 = Release|Any CPU
	EndGlobalSection
	GlobalSection(SolutionProperties) = preSolution
		HideSolutionNode = FALSE
	EndGlobalSection
	GlobalSection(ExtensibilityGlobals) = postSolution
		SolutionGuid = {7CC27BD6-2188-4012-9CB7-B71748FAE309}
	EndGlobalSection
EndGlobal
